
Microsoft Visual Studio Solution File, Format Version 12.00
# Visual Studio Version 17
VisualStudioVersion = 17.0.32002.185
MinimumVisualStudioVersion = 10.0.40219.1
Project("{9A19103F-16F7-4668-BE54-9A1E7A4F7556}") = "TecaFrontEnd", "TecaFrontEnd\TecaFrontEnd.csproj", "{4F3232F9-BEC2-441E-B84D-38BC7EFA37A2}"
EndProject
Project("{9A19103F-16F7-4668-BE54-9A1E7A4F7556}") = "TecaCoreApi", "TecaCoreApi\TecaCoreApi.csproj", "{A8B76CA4-FADC-4123-8B24-D206F72ED02D}"
EndProject
Project("{9A19103F-16F7-4668-BE54-9A1E7A4F7556}") = "Servicios", "Servicios\Servicios.csproj", "{D3E967D9-994E-4BAA-9101-40769A783056}"
EndProject
Project("{9A19103F-16F7-4668-BE54-9A1E7A4F7556}") = "Persistencia.DataBase", "Persistencia.DataBase\Persistencia.DataBase.csproj", "{40C25749-F649-41E8-98AB-97F34B4647BE}"
EndProject
Project("{9A19103F-16F7-4668-BE54-9A1E7A4F7556}") = "ModelosDto", "ModelosDto\ModelosDto.csproj", "{F7DA8C6D-7302-4B96-9DD8-62D9F418E052}"
EndProject
Project("{9A19103F-16F7-4668-BE54-9A1E7A4F7556}") = "Modelos", "Modelos\Modelos.csproj", "{458AD355-EFE1-45FD-A7D4-0709E2DCE3F8}"
EndProject
Project("{9A19103F-16F7-4668-BE54-9A1E7A4F7556}") = "Common", "Common\Common.csproj", "{D333F98E-D423-4453-BBA7-C68E01D91728}"
EndProject
Project("{2150E333-8FDC-42A3-9474-1A3956D46DE8}") = "01_Cliente", "01_Cliente", "{7D6A5ABA-E13A-4B7B-9F18-64FBB799DFFB}"
EndProject
Project("{2150E333-8FDC-42A3-9474-1A3956D46DE8}") = "02_CoreApi", "02_CoreApi", "{ADEC6C76-FCBA-4878-BDF5-0DF4C2F6CD89}"
EndProject
Project("{2150E333-8FDC-42A3-9474-1A3956D46DE8}") = "03_Servicios", "03_Servicios", "{80C4012F-432E-4652-B3AE-EF2ECD027922}"
EndProject
Project("{2150E333-8FDC-42A3-9474-1A3956D46DE8}") = "04_Repositorio", "04_Repositorio", "{1667EBDB-9C1B-4E6B-9574-3A8DA57D4759}"
EndProject
Project("{2150E333-8FDC-42A3-9474-1A3956D46DE8}") = "05_Models", "05_Models", "{E942FADF-CA8B-4F45-B953-98C5F9037D0E}"
EndProject
Project("{2150E333-8FDC-42A3-9474-1A3956D46DE8}") = "06_ModelsDto", "06_ModelsDto", "{CC173FFC-DE28-4660-AB8C-213970983A47}"
EndProject
Project("{2150E333-8FDC-42A3-9474-1A3956D46DE8}") = "07_Common", "07_Common", "{68B14BEC-BF09-4689-9137-C86BE7087A51}"
EndProject
Global
	GlobalSection(SolutionConfigurationPlatforms) = preSolution
		Debug|Any CPU = Debug|Any CPU
		Release|Any CPU = Release|Any CPU
	EndGlobalSection
	GlobalSection(ProjectConfigurationPlatforms) = postSolution
		{4F3232F9-BEC2-441E-B84D-38BC7EFA37A2}.Debug|Any CPU.ActiveCfg = Debug|Any CPU
		{4F3232F9-BEC2-441E-B84D-38BC7EFA37A2}.Debug|Any CPU.Build.0 = Debug|Any CPU
		{4F3232F9-BEC2-441E-B84D-38BC7EFA37A2}.Release|Any CPU.ActiveCfg = Release|Any CPU
		{4F3232F9-BEC2-441E-B84D-38BC7EFA37A2}.Release|Any CPU.Build.0 = Release|Any CPU
		{A8B76CA4-FADC-4123-8B24-D206F72ED02D}.Debug|Any CPU.ActiveCfg = Debug|Any CPU
		{A8B76CA4-FADC-4123-8B24-D206F72ED02D}.Debug|Any CPU.Build.0 = Debug|Any CPU
		{A8B76CA4-FADC-4123-8B24-D206F72ED02D}.Release|Any CPU.ActiveCfg = Release|Any CPU
		{A8B76CA4-FADC-4123-8B24-D206F72ED02D}.Release|Any CPU.Build.0 = Release|Any CPU
		{D3E967D9-994E-4BAA-9101-40769A783056}.Debug|Any CPU.ActiveCfg = Debug|Any CPU
		{D3E967D9-994E-4BAA-9101-40769A783056}.Debug|Any CPU.Build.0 = Debug|Any CPU
		{D3E967D9-994E-4BAA-9101-40769A783056}.Release|Any CPU.ActiveCfg = Release|Any CPU
		{D3E967D9-994E-4BAA-9101-40769A783056}.Release|Any CPU.Build.0 = Release|Any CPU
		{40C25749-F649-41E8-98AB-97F34B4647BE}.Debug|Any CPU.ActiveCfg = Debug|Any CPU
		{40C25749-F649-41E8-98AB-97F34B4647BE}.Debug|Any CPU.Build.0 = Debug|Any CPU
		{40C25749-F649-41E8-98AB-97F34B4647BE}.Release|Any CPU.ActiveCfg = Release|Any CPU
		{40C25749-F649-41E8-98AB-97F34B4647BE}.Release|Any CPU.Build.0 = Release|Any CPU
		{F7DA8C6D-7302-4B96-9DD8-62D9F418E052}.Debug|Any CPU.ActiveCfg = Debug|Any CPU
		{F7DA8C6D-7302-4B96-9DD8-62D9F418E052}.Debug|Any CPU.Build.0 = Debug|Any CPU
		{F7DA8C6D-7302-4B96-9DD8-62D9F418E052}.Release|Any CPU.ActiveCfg = Release|Any CPU
		{F7DA8C6D-7302-4B96-9DD8-62D9F418E052}.Release|Any CPU.Build.0 = Release|Any CPU
		{458AD355-EFE1-45FD-A7D4-0709E2DCE3F8}.Debug|Any CPU.ActiveCfg = Debug|Any CPU
		{458AD355-EFE1-45FD-A7D4-0709E2DCE3F8}.Debug|Any CPU.Build.0 = Debug|Any CPU
		{458AD355-EFE1-45FD-A7D4-0709E2DCE3F8}.Release|Any CPU.ActiveCfg = Release|Any CPU
		{458AD355-EFE1-45FD-A7D4-0709E2DCE3F8}.Release|Any CPU.Build.0 = Release|Any CPU
		{D333F98E-D423-4453-BBA7-C68E01D91728}.Debug|Any CPU.ActiveCfg = Debug|Any CPU
		{D333F98E-D423-4453-BBA7-C68E01D91728}.Debug|Any CPU.Build.0 = Debug|Any CPU
		{D333F98E-D423-4453-BBA7-C68E01D91728}.Release|Any CPU.ActiveCfg = Release|Any CPU
		{D333F98E-D423-4453-BBA7-C68E01D91728}.Release|Any CPU.Build.0 = Release|Any CPU
	EndGlobalSection
	GlobalSection(SolutionProperties) = preSolution
		HideSolutionNode = FALSE
	EndGlobalSection
	GlobalSection(NestedProjects) = preSolution
		{4F3232F9-BEC2-441E-B84D-38BC7EFA37A2} = {7D6A5ABA-E13A-4B7B-9F18-64FBB799DFFB}
		{A8B76CA4-FADC-4123-8B24-D206F72ED02D} = {ADEC6C76-FCBA-4878-BDF5-0DF4C2F6CD89}
		{D3E967D9-994E-4BAA-9101-40769A783056} = {80C4012F-432E-4652-B3AE-EF2ECD027922}
		{40C25749-F649-41E8-98AB-97F34B4647BE} = {1667EBDB-9C1B-4E6B-9574-3A8DA57D4759}
		{F7DA8C6D-7302-4B96-9DD8-62D9F418E052} = {CC173FFC-DE28-4660-AB8C-213970983A47}
		{458AD355-EFE1-45FD-A7D4-0709E2DCE3F8} = {E942FADF-CA8B-4F45-B953-98C5F9037D0E}
		{D333F98E-D423-4453-BBA7-C68E01D91728} = {68B14BEC-BF09-4689-9137-C86BE7087A51}
	EndGlobalSection
	GlobalSection(ExtensibilityGlobals) = postSolution
		SolutionGuid = {08519488-8ADE-4579-9532-BD3EFBCDCFA3}
	EndGlobalSection
EndGlobal
